
Microsoft Visual Studio Solution File, Format Version 12.00
# Visual Studio Version 17
VisualStudioVersion = 17.5.33530.505
MinimumVisualStudioVersion = 10.0.40219.1
Project("{FAE04EC0-301F-11D3-BF4B-00C04F79EFBC}") = "MouseEvents", "MouseEvents\MouseEvents.csproj", "{3138FFB4-3B3C-4B61-8A06-9723FAEB586F}"
EndProject
Global
	GlobalSection(SolutionConfigurationPlatforms) = preSolution
		Debug|Any CPU = Debug|Any CPU
		Release|Any CPU = Release|Any CPU
	EndGlobalSection
	GlobalSection(ProjectConfigurationPlatforms) = postSolution
		{3138FFB4-3B3C-4B61-8A06-9723FAEB586F}.Debug|Any CPU.ActiveCfg = Debug|Any CPU
		{3138FFB4-3B3C-4B61-8A06-9723FAEB586F}.Debug|Any CPU.Build.0 = Debug|Any CPU
		{3138FFB4-3B3C-4B61-8A06-9723FAEB586F}.Release|Any CPU.ActiveCfg = Release|Any CPU
		{3138FFB4-3B3C-4B61-8A06-9723FAEB586F}.Release|Any CPU.Build.0 = Release|Any CPU
	EndGlobalSection
	GlobalSection(SolutionProperties) = preSolution
		HideSolutionNode = FALSE
	EndGlobalSection
	GlobalSection(ExtensibilityGlobals) = postSolution
		SolutionGuid = {B5678B4A-A9DE-4BA5-9BD1-BC2A32C7F41C}
	EndGlobalSection
EndGlobal
